// !$*UTF8*$!
{
	archiveVersion = 1;
	classes = {
	};
	objectVersion = 50;
	objects = {

/* Begin PBXBuildFile section */
		A580A64123E1D4DC0014D64D /* AppDelegate.swift in Sources */ = {isa = PBXBuildFile; fileRef = A580A64023E1D4DC0014D64D /* AppDelegate.swift */; };
		A580A64323E1D4DC0014D64D /* SceneDelegate.swift in Sources */ = {isa = PBXBuildFile; fileRef = A580A64223E1D4DC0014D64D /* SceneDelegate.swift */; };
		A580A64523E1D4DC0014D64D /* ContentView.swift in Sources */ = {isa = PBXBuildFile; fileRef = A580A64423E1D4DC0014D64D /* ContentView.swift */; };
		A580A64723E1D4DE0014D64D /* Assets.xcassets in Resources */ = {isa = PBXBuildFile; fileRef = A580A64623E1D4DE0014D64D /* Assets.xcassets */; };
		A580A64A23E1D4DE0014D64D /* Preview Assets.xcassets in Resources */ = {isa = PBXBuildFile; fileRef = A580A64923E1D4DE0014D64D /* Preview Assets.xcassets */; };
		A580A64D23E1D4DE0014D64D /* LaunchScreen.storyboard in Resources */ = {isa = PBXBuildFile; fileRef = A580A64B23E1D4DE0014D64D /* LaunchScreen.storyboard */; };
		A580A65823E1D4DE0014D64D /* WeSplitTests.swift in Sources */ = {isa = PBXBuildFile; fileRef = A580A65723E1D4DE0014D64D /* WeSplitTests.swift */; };
		A580A66323E1D4DE0014D64D /* WeSplitUITests.swift in Sources */ = {isa = PBXBuildFile; fileRef = A580A66223E1D4DE0014D64D /* WeSplitUITests.swift */; };
/* End PBXBuildFile section */

/* Begin PBXContainerItemProxy section */
		A580A65423E1D4DE0014D64D /* PBXContainerItemProxy */ = {
			isa = PBXContainerItemProxy;
			containerPortal = A580A63523E1D4DC0014D64D /* Project object */;
			proxyType = 1;
			remoteGlobalIDString = A580A63C23E1D4DC0014D64D;
			remoteInfo = WeSplit;
		};
		A580A65F23E1D4DE0014D64D /* PBXContainerItemProxy */ = {
			isa = PBXContainerItemProxy;
			containerPortal = A580A63523E1D4DC0014D64D /* Project object */;
			proxyType = 1;
			remoteGlobalIDString = A580A63C23E1D4DC0014D64D;
			remoteInfo = WeSplit;
		};
/* End PBXContainerItemProxy section */

/* Begin PBXFileReference section */
		A580A63D23E1D4DC0014D64D /* WeSplit.app */ = {isa = PBXFileReference; explicitFileType = wrapper.application; includeInIndex = 0; path = WeSplit.app; sourceTree = BUILT_PRODUCTS_DIR; };
		A580A64023E1D4DC0014D64D /* AppDelegate.swift */ = {isa = PBXFileReference; lastKnownFileType = sourcecode.swift; path = AppDelegate.swift; sourceTree = "<group>"; };
		A580A64223E1D4DC0014D64D /* SceneDelegate.swift */ = {isa = PBXFileReference; lastKnownFileType = sourcecode.swift; path = SceneDelegate.swift; sourceTree = "<group>"; };
		A580A64423E1D4DC0014D64D /* ContentView.swift */ = {isa = PBXFileReference; lastKnownFileType = sourcecode.swift; path = ContentView.swift; sourceTree = "<group>"; };
		A580A64623E1D4DE0014D64D /* Assets.xcassets */ = {isa = PBXFileReference; lastKnownFileType = folder.assetcatalog; path = Assets.xcassets; sourceTree = "<group>"; };
		A580A64923E1D4DE0014D64D /* Preview Assets.xcassets */ = {isa = PBXFileReference; lastKnownFileType = folder.assetcatalog; path = "Preview Assets.xcassets"; sourceTree = "<group>"; };
		A580A64C23E1D4DE0014D64D /* Base */ = {isa = PBXFileReference; lastKnownFileType = file.storyboard; name = Base; path = Base.lproj/LaunchScreen.storyboard; sourceTree = "<group>"; };
		A580A64E23E1D4DE0014D64D /* Info.plist */ = {isa = PBXFileReference; lastKnownFileType = text.plist.xml; path = Info.plist; sourceTree = "<group>"; };
		A580A65323E1D4DE0014D64D /* WeSplitTests.xctest */ = {isa = PBXFileReference; explicitFileType = wrapper.cfbundle; includeInIndex = 0; path = WeSplitTests.xctest; sourceTree = BUILT_PRODUCTS_DIR; };
		A580A65723E1D4DE0014D64D /* WeSplitTests.swift */ = {isa = PBXFileReference; lastKnownFileType = sourcecode.swift; path = WeSplitTests.swift; sourceTree = "<group>"; };
		A580A65923E1D4DE0014D64D /* Info.plist */ = {isa = PBXFileReference; lastKnownFileType = text.plist.xml; path = Info.plist; sourceTree = "<group>"; };
		A580A65E23E1D4DE0014D64D /* WeSplitUITests.xctest */ = {isa = PBXFileReference; explicitFileType = wrapper.cfbundle; includeInIndex = 0; path = WeSplitUITests.xctest; sourceTree = BUILT_PRODUCTS_DIR; };
		A580A66223E1D4DE0014D64D /* WeSplitUITests.swift */ = {isa = PBXFileReference; lastKnownFileType = sourcecode.swift; path = WeSplitUITests.swift; sourceTree = "<group>"; };
		A580A66423E1D4DE0014D64D /* Info.plist */ = {isa = PBXFileReference; lastKnownFileType = text.plist.xml; path = Info.plist; sourceTree = "<group>"; };
/* End PBXFileReference section */

/* Begin PBXFrameworksBuildPhase section */
		A580A63A23E1D4DC0014D64D /* Frameworks */ = {
			isa = PBXFrameworksBuildPhase;
			buildActionMask = 2147483647;
			files = (
			);
			runOnlyForDeploymentPostprocessing = 0;
		};
		A580A65023E1D4DE0014D64D /* Frameworks */ = {
			isa = PBXFrameworksBuildPhase;
			buildActionMask = 2147483647;
			files = (
			);
			runOnlyForDeploymentPostprocessing = 0;
		};
		A580A65B23E1D4DE0014D64D /* Frameworks */ = {
			isa = PBXFrameworksBuildPhase;
			buildActionMask = 2147483647;
			files = (
			);
			runOnlyForDeploymentPostprocessing = 0;
		};
/* End PBXFrameworksBuildPhase section */

/* Begin PBXGroup section */
		A580A63423E1D4DC0014D64D = {
			isa = PBXGroup;
			children = (
				A580A63F23E1D4DC0014D64D /* WeSplit */,
				A580A65623E1D4DE0014D64D /* WeSplitTests */,
				A580A66123E1D4DE0014D64D /* WeSplitUITests */,
				A580A63E23E1D4DC0014D64D /* Products */,
			);
			sourceTree = "<group>";
		};
		A580A63E23E1D4DC0014D64D /* Products */ = {
			isa = PBXGroup;
			children = (
				A580A63D23E1D4DC0014D64D /* WeSplit.app */,
				A580A65323E1D4DE0014D64D /* WeSplitTests.xctest */,
				A580A65E23E1D4DE0014D64D /* WeSplitUITests.xctest */,
			);
			name = Products;
			sourceTree = "<group>";
		};
		A580A63F23E1D4DC0014D64D /* WeSplit */ = {
			isa = PBXGroup;
			children = (
				A580A64023E1D4DC0014D64D /* AppDelegate.swift */,
				A580A64223E1D4DC0014D64D /* SceneDelegate.swift */,
				A580A64423E1D4DC0014D64D /* ContentView.swift */,
				A580A64623E1D4DE0014D64D /* Assets.xcassets */,
				A580A64B23E1D4DE0014D64D /* LaunchScreen.storyboard */,
				A580A64E23E1D4DE0014D64D /* Info.plist */,
				A580A64823E1D4DE0014D64D /* Preview Content */,
			);
			path = WeSplit;
			sourceTree = "<group>";
		};
		A580A64823E1D4DE0014D64D /* Preview Content */ = {
			isa = PBXGroup;
			children = (
				A580A64923E1D4DE0014D64D /* Preview Assets.xcassets */,
			);
			path = "Preview Content";
			sourceTree = "<group>";
		};
		A580A65623E1D4DE0014D64D /* WeSplitTests */ = {
			isa = PBXGroup;
			children = (
				A580A65723E1D4DE0014D64D /* WeSplitTests.swift */,
				A580A65923E1D4DE0014D64D /* Info.plist */,
			);
			path = WeSplitTests;
			sourceTree = "<group>";
		};
		A580A66123E1D4DE0014D64D /* WeSplitUITests */ = {
			isa = PBXGroup;
			children = (
				A580A66223E1D4DE0014D64D /* WeSplitUITests.swift */,
				A580A66423E1D4DE0014D64D /* Info.plist */,
			);
			path = WeSplitUITests;
			sourceTree = "<group>";
		};
/* End PBXGroup section */

/* Begin PBXNativeTarget section */
		A580A63C23E1D4DC0014D64D /* WeSplit */ = {
			isa = PBXNativeTarget;
			buildConfigurationList = A580A66723E1D4DE0014D64D /* Build configuration list for PBXNativeTarget "WeSplit" */;
			buildPhases = (
				A580A63923E1D4DC0014D64D /* Sources */,
				A580A63A23E1D4DC0014D64D /* Frameworks */,
				A580A63B23E1D4DC0014D64D /* Resources */,
			);
			buildRules = (
			);
			dependencies = (
			);
			name = WeSplit;
			productName = WeSplit;
			productReference = A580A63D23E1D4DC0014D64D /* WeSplit.app */;
			productType = "com.apple.product-type.application";
		};
		A580A65223E1D4DE0014D64D /* WeSplitTests */ = {
			isa = PBXNativeTarget;
			buildConfigurationList = A580A66A23E1D4DE0014D64D /* Build configuration list for PBXNativeTarget "WeSplitTests" */;
			buildPhases = (
				A580A64F23E1D4DE0014D64D /* Sources */,
				A580A65023E1D4DE0014D64D /* Frameworks */,
				A580A65123E1D4DE0014D64D /* Resources */,
			);
			buildRules = (
			);
			dependencies = (
				A580A65523E1D4DE0014D64D /* PBXTargetDependency */,
			);
			name = WeSplitTests;
			productName = WeSplitTests;
			productReference = A580A65323E1D4DE0014D64D /* WeSplitTests.xctest */;
			productType = "com.apple.product-type.bundle.unit-test";
		};
		A580A65D23E1D4DE0014D64D /* WeSplitUITests */ = {
			isa = PBXNativeTarget;
			buildConfigurationList = A580A66D23E1D4DE0014D64D /* Build configuration list for PBXNativeTarget "WeSplitUITests" */;
			buildPhases = (
				A580A65A23E1D4DE0014D64D /* Sources */,
				A580A65B23E1D4DE0014D64D /* Frameworks */,
				A580A65C23E1D4DE0014D64D /* Resources */,
			);
			buildRules = (
			);
			dependencies = (
				A580A66023E1D4DE0014D64D /* PBXTargetDependency */,
			);
			name = WeSplitUITests;
			productName = WeSplitUITests;
			productReference = A580A65E23E1D4DE0014D64D /* WeSplitUITests.xctest */;
			productType = "com.apple.product-type.bundle.ui-testing";
		};
/* End PBXNativeTarget section */

/* Begin PBXProject section */
		A580A63523E1D4DC0014D64D /* Project object */ = {
			isa = PBXProject;
			attributes = {
				LastSwiftUpdateCheck = 1130;
				LastUpgradeCheck = 1130;
				ORGANIZATIONNAME = "Gabriel Meira";
				TargetAttributes = {
					A580A63C23E1D4DC0014D64D = {
						CreatedOnToolsVersion = 11.3.1;
					};
					A580A65223E1D4DE0014D64D = {
						CreatedOnToolsVersion = 11.3.1;
						TestTargetID = A580A63C23E1D4DC0014D64D;
					};
					A580A65D23E1D4DE0014D64D = {
						CreatedOnToolsVersion = 11.3.1;
						TestTargetID = A580A63C23E1D4DC0014D64D;
					};
				};
			};
			buildConfigurationList = A580A63823E1D4DC0014D64D /* Build configuration list for PBXProject "WeSplit" */;
			compatibilityVersion = "Xcode 9.3";
			developmentRegion = en;
			hasScannedForEncodings = 0;
			knownRegions = (
				en,
				Base,
			);
			mainGroup = A580A63423E1D4DC0014D64D;
			productRefGroup = A580A63E23E1D4DC0014D64D /* Products */;
			projectDirPath = "";
			projectRoot = "";
			targets = (
				A580A63C23E1D4DC0014D64D /* WeSplit */,
				A580A65223E1D4DE0014D64D /* WeSplitTests */,
				A580A65D23E1D4DE0014D64D /* WeSplitUITests */,
			);
		};
/* End PBXProject section */

/* Begin PBXResourcesBuildPhase section */
		A580A63B23E1D4DC0014D64D /* Resources */ = {
			isa = PBXResourcesBuildPhase;
			buildActionMask = 2147483647;
			files = (
				A580A64D23E1D4DE0014D64D /* LaunchScreen.storyboard in Resources */,
				A580A64A23E1D4DE0014D64D /* Preview Assets.xcassets in Resources */,
				A580A64723E1D4DE0014D64D /* Assets.xcassets in Resources */,
			);
			runOnlyForDeploymentPostprocessing = 0;
		};
		A580A65123E1D4DE0014D64D /* Resources */ = {
			isa = PBXResourcesBuildPhase;
			buildActionMask = 2147483647;
			files = (
			);
			runOnlyForDeploymentPostprocessing = 0;
		};
		A580A65C23E1D4DE0014D64D /* Resources */ = {
			isa = PBXResourcesBuildPhase;
			buildActionMask = 2147483647;
			files = (
			);
			runOnlyForDeploymentPostprocessing = 0;
		};
/* End PBXResourcesBuildPhase section */

/* Begin PBXSourcesBuildPhase section */
		A580A63923E1D4DC0014D64D /* Sources */ = {
			isa = PBXSourcesBuildPhase;
			buildActionMask = 2147483647;
			files = (
				A580A64123E1D4DC0014D64D /* AppDelegate.swift in Sources */,
				A580A64323E1D4DC0014D64D /* SceneDelegate.swift in Sources */,
				A580A64523E1D4DC0014D64D /* ContentView.swift in Sources */,
			);
			runOnlyForDeploymentPostprocessing = 0;
		};
		A580A64F23E1D4DE0014D64D /* Sources */ = {
			isa = PBXSourcesBuildPhase;
			buildActionMask = 2147483647;
			files = (
				A580A65823E1D4DE0014D64D /* WeSplitTests.swift in Sources */,
			);
			runOnlyForDeploymentPostprocessing = 0;
		};
		A580A65A23E1D4DE0014D64D /* Sources */ = {
			isa = PBXSourcesBuildPhase;
			buildActionMask = 2147483647;
			files = (
				A580A66323E1D4DE0014D64D /* WeSplitUITests.swift in Sources */,
			);
			runOnlyForDeploymentPostprocessing = 0;
		};
/* End PBXSourcesBuildPhase section */

/* Begin PBXTargetDependency section */
		A580A65523E1D4DE0014D64D /* PBXTargetDependency */ = {
			isa = PBXTargetDependency;
			target = A580A63C23E1D4DC0014D64D /* WeSplit */;
			targetProxy = A580A65423E1D4DE0014D64D /* PBXContainerItemProxy */;
		};
		A580A66023E1D4DE0014D64D /* PBXTargetDependency */ = {
			isa = PBXTargetDependency;
			target = A580A63C23E1D4DC0014D64D /* WeSplit */;
			targetProxy = A580A65F23E1D4DE0014D64D /* PBXContainerItemProxy */;
		};
/* End PBXTargetDependency section */

/* Begin PBXVariantGroup section */
		A580A64B23E1D4DE0014D64D /* LaunchScreen.storyboard */ = {
			isa = PBXVariantGroup;
			children = (
				A580A64C23E1D4DE0014D64D /* Base */,
			);
			name = LaunchScreen.storyboard;
			sourceTree = "<group>";
		};
/* End PBXVariantGroup section */

/* Begin XCBuildConfiguration section */
		A580A66523E1D4DE0014D64D /* Debug */ = {
			isa = XCBuildConfiguration;
			buildSettings = {
				ALWAYS_SEARCH_USER_PATHS = NO;
				CLANG_ANALYZER_NONNULL = YES;
				CLANG_ANALYZER_NUMBER_OBJECT_CONVERSION = YES_AGGRESSIVE;
				CLANG_CXX_LANGUAGE_STANDARD = "gnu++14";
				CLANG_CXX_LIBRARY = "libc++";
				CLANG_ENABLE_MODULES = YES;
				CLANG_ENABLE_OBJC_ARC = YES;
				CLANG_ENABLE_OBJC_WEAK = YES;
				CLANG_WARN_BLOCK_CAPTURE_AUTORELEASING = YES;
				CLANG_WARN_BOOL_CONVERSION = YES;
				CLANG_WARN_COMMA = YES;
				CLANG_WARN_CONSTANT_CONVERSION = YES;
				CLANG_WARN_DEPRECATED_OBJC_IMPLEMENTATIONS = YES;
				CLANG_WARN_DIRECT_OBJC_ISA_USAGE = YES_ERROR;
				CLANG_WARN_DOCUMENTATION_COMMENTS = YES;
				CLANG_WARN_EMPTY_BODY = YES;
				CLANG_WARN_ENUM_CONVERSION = YES;
				CLANG_WARN_INFINITE_RECURSION = YES;
				CLANG_WARN_INT_CONVERSION = YES;
				CLANG_WARN_NON_LITERAL_NULL_CONVERSION = YES;
				CLANG_WARN_OBJC_IMPLICIT_RETAIN_SELF = YES;
				CLANG_WARN_OBJC_LITERAL_CONVERSION = YES;
				CLANG_WARN_OBJC_ROOT_CLASS = YES_ERROR;
				CLANG_WARN_RANGE_LOOP_ANALYSIS = YES;
				CLANG_WARN_STRICT_PROTOTYPES = YES;
				CLANG_WARN_SUSPICIOUS_MOVE = YES;
				CLANG_WARN_UNGUARDED_AVAILABILITY = YES_AGGRESSIVE;
				CLANG_WARN_UNREACHABLE_CODE = YES;
				CLANG_WARN__DUPLICATE_METHOD_MATCH = YES;
				COPY_PHASE_STRIP = NO;
				DEBUG_INFORMATION_FORMAT = dwarf;
				ENABLE_STRICT_OBJC_MSGSEND = YES;
				ENABLE_TESTABILITY = YES;
				GCC_C_LANGUAGE_STANDARD = gnu11;
				GCC_DYNAMIC_NO_PIC = NO;
				GCC_NO_COMMON_BLOCKS = YES;
				GCC_OPTIMIZATION_LEVEL = 0;
				GCC_PREPROCESSOR_DEFINITIONS = (
					"DEBUG=1",
					"$(inherited)",
				);
				GCC_WARN_64_TO_32_BIT_CONVERSION = YES;
				GCC_WARN_ABOUT_RETURN_TYPE = YES_ERROR;
				GCC_WARN_UNDECLARED_SELECTOR = YES;
				GCC_WARN_UNINITIALIZED_AUTOS = YES_AGGRESSIVE;
				GCC_WARN_UNUSED_FUNCTION = YES;
				GCC_WARN_UNUSED_VARIABLE = YES;
				IPHONEOS_DEPLOYMENT_TARGET = 13.2;
				MTL_ENABLE_DEBUG_INFO = INCLUDE_SOURCE;
				MTL_FAST_MATH = YES;
				ONLY_ACTIVE_ARCH = YES;
				SDKROOT = iphoneos;
				SWIFT_ACTIVE_COMPILATION_CONDITIONS = DEBUG;
				SWIFT_OPTIMIZATION_LEVEL = "-Onone";
			};
			name = Debug;
		};
		A580A66623E1D4DE0014D64D /* Release */ = {
			isa = XCBuildConfiguration;
			buildSettings = {
				ALWAYS_SEARCH_USER_PATHS = NO;
				CLANG_ANALYZER_NONNULL = YES;
				CLANG_ANALYZER_NUMBER_OBJECT_CONVERSION = YES_AGGRESSIVE;
				CLANG_CXX_LANGUAGE_STANDARD = "gnu++14";
				CLANG_CXX_LIBRARY = "libc++";
				CLANG_ENABLE_MODULES = YES;
				CLANG_ENABLE_OBJC_ARC = YES;
				CLANG_ENABLE_OBJC_WEAK = YES;
				CLANG_WARN_BLOCK_CAPTURE_AUTORELEASING = YES;
				CLANG_WARN_BOOL_CONVERSION = YES;
				CLANG_WARN_COMMA = YES;
				CLANG_WARN_CONSTANT_CONVERSION = YES;
				CLANG_WARN_DEPRECATED_OBJC_IMPLEMENTATIONS = YES;
				CLANG_WARN_DIRECT_OBJC_ISA_USAGE = YES_ERROR;
				CLANG_WARN_DOCUMENTATION_COMMENTS = YES;
				CLANG_WARN_EMPTY_BODY = YES;
				CLANG_WARN_ENUM_CONVERSION = YES;
				CLANG_WARN_INFINITE_RECURSION = YES;
				CLANG_WARN_INT_CONVERSION = YES;
				CLANG_WARN_NON_LITERAL_NULL_CONVERSION = YES;
				CLANG_WARN_OBJC_IMPLICIT_RETAIN_SELF = YES;
				CLANG_WARN_OBJC_LITERAL_CONVERSION = YES;
				CLANG_WARN_OBJC_ROOT_CLASS = YES_ERROR;
				CLANG_WARN_RANGE_LOOP_ANALYSIS = YES;
				CLANG_WARN_STRICT_PROTOTYPES = YES;
				CLANG_WARN_SUSPICIOUS_MOVE = YES;
				CLANG_WARN_UNGUARDED_AVAILABILITY = YES_AGGRESSIVE;
				CLANG_WARN_UNREACHABLE_CODE = YES;
				CLANG_WARN__DUPLICATE_METHOD_MATCH = YES;
				COPY_PHASE_STRIP = NO;
				DEBUG_INFORMATION_FORMAT = "dwarf-with-dsym";
				ENABLE_NS_ASSERTIONS = NO;
				ENABLE_STRICT_OBJC_MSGSEND = YES;
				GCC_C_LANGUAGE_STANDARD = gnu11;
				GCC_NO_COMMON_BLOCKS = YES;
				GCC_WARN_64_TO_32_BIT_CONVERSION = YES;
				GCC_WARN_ABOUT_RETURN_TYPE = YES_ERROR;
				GCC_WARN_UNDECLARED_SELECTOR = YES;
				GCC_WARN_UNINITIALIZED_AUTOS = YES_AGGRESSIVE;
				GCC_WARN_UNUSED_FUNCTION = YES;
				GCC_WARN_UNUSED_VARIABLE = YES;
				IPHONEOS_DEPLOYMENT_TARGET = 13.2;
				MTL_ENABLE_DEBUG_INFO = NO;
				MTL_FAST_MATH = YES;
				SDKROOT = iphoneos;
				SWIFT_COMPILATION_MODE = wholemodule;
				SWIFT_OPTIMIZATION_LEVEL = "-O";
				VALIDATE_PRODUCT = YES;
			};
			name = Release;
		};
		A580A66823E1D4DE0014D64D /* Debug */ = {
			isa = XCBuildConfiguration;
			buildSettings = {
				ASSETCATALOG_COMPILER_APPICON_NAME = AppIcon;
				CODE_SIGN_STYLE = Automatic;
				DEVELOPMENT_ASSET_PATHS = "\"WeSplit/Preview Content\"";
				DEVELOPMENT_TEAM = 8SMHTAU2YY;
				ENABLE_PREVIEWS = YES;
				INFOPLIST_FILE = WeSplit/Info.plist;
				LD_RUNPATH_SEARCH_PATHS = (
					"$(inherited)",
					"@executable_path/Frameworks",
				);
				PRODUCT_BUNDLE_IDENTIFIER = com.meiragabriel.WeSplit;
				PRODUCT_NAME = "$(TARGET_NAME)";
				SWIFT_VERSION = 5.0;
				TARGETED_DEVICE_FAMILY = "1,2";
			};
			name = Debug;
		};
		A580A66923E1D4DE0014D64D /* Release */ = {
			isa = XCBuildConfiguration;
			buildSettings = {
				ASSETCATALOG_COMPILER_APPICON_NAME = AppIcon;
				CODE_SIGN_STYLE = Automatic;
				DEVELOPMENT_ASSET_PATHS = "\"WeSplit/Preview Content\"";
				DEVELOPMENT_TEAM = 8SMHTAU2YY;
				ENABLE_PREVIEWS = YES;
				INFOPLIST_FILE = WeSplit/Info.plist;
				LD_RUNPATH_SEARCH_PATHS = (
					"$(inherited)",
					"@executable_path/Frameworks",
				);
				PRODUCT_BUNDLE_IDENTIFIER = com.meiragabriel.WeSplit;
				PRODUCT_NAME = "$(TARGET_NAME)";
				SWIFT_VERSION = 5.0;
				TARGETED_DEVICE_FAMILY = "1,2";
			};
			name = Release;
		};
		A580A66B23E1D4DE0014D64D /* Debug */ = {
			isa = XCBuildConfiguration;
			buildSettings = {
				ALWAYS_EMBED_SWIFT_STANDARD_LIBRARIES = YES;
				BUNDLE_LOADER = "$(TEST_HOST)";
				CODE_SIGN_STYLE = Automatic;
				DEVELOPMENT_TEAM = 8SMHTAU2YY;
				INFOPLIST_FILE = WeSplitTests/Info.plist;
				IPHONEOS_DEPLOYMENT_TARGET = 13.2;
				LD_RUNPATH_SEARCH_PATHS = (
					"$(inherited)",
					"@executable_path/Frameworks",
					"@loader_path/Frameworks",
				);
				PRODUCT_BUNDLE_IDENTIFIER = com.meiragabriel.WeSplitTests;
				PRODUCT_NAME = "$(TARGET_NAME)";
				SWIFT_VERSION = 5.0;
				TARGETED_DEVICE_FAMILY = "1,2";
				TEST_HOST = "$(BUILT_PRODUCTS_DIR)/WeSplit.app/WeSplit";
			};
			name = Debug;
		};
		A580A66C23E1D4DE0014D64D /* Release */ = {
			isa = XCBuildConfiguration;
			buildSettings = {
				ALWAYS_EMBED_SWIFT_STANDARD_LIBRARIES = YES;
				BUNDLE_LOADER = "$(TEST_HOST)";
				CODE_SIGN_STYLE = Automatic;
				DEVELOPMENT_TEAM = 8SMHTAU2YY;
				INFOPLIST_FILE = WeSplitTests/Info.plist;
				IPHONEOS_DEPLOYMENT_TARGET = 13.2;
				LD_RUNPATH_SEARCH_PATHS = (
					"$(inherited)",
					"@executable_path/Frameworks",
					"@loader_path/Frameworks",
				);
				PRODUCT_BUNDLE_IDENTIFIER = com.meiragabriel.WeSplitTests;
				PRODUCT_NAME = "$(TARGET_NAME)";
				SWIFT_VERSION = 5.0;
				TARGETED_DEVICE_FAMILY = "1,2";
				TEST_HOST = "$(BUILT_PRODUCTS_DIR)/WeSplit.app/WeSplit";
			};
			name = Release;
		};
		A580A66E23E1D4DE0014D64D /* Debug */ = {
			isa = XCBuildConfiguration;
			buildSettings = {
				ALWAYS_EMBED_SWIFT_STANDARD_LIBRARIES = YES;
				CODE_SIGN_STYLE = Automatic;
				DEVELOPMENT_TEAM = 8SMHTAU2YY;
				INFOPLIST_FILE = WeSplitUITests/Info.plist;
				LD_RUNPATH_SEARCH_PATHS = (
					"$(inherited)",
					"@executable_path/Frameworks",
					"@loader_path/Frameworks",
				);
				PRODUCT_BUNDLE_IDENTIFIER = com.meiragabriel.WeSplitUITests;
				PRODUCT_NAME = "$(TARGET_NAME)";
				SWIFT_VERSION = 5.0;
				TARGETED_DEVICE_FAMILY = "1,2";
				TEST_TARGET_NAME = WeSplit;
			};
			name = Debug;
		};
		A580A66F23E1D4DE0014D64D /* Release */ = {
			isa = XCBuildConfiguration;
			buildSettings = {
				ALWAYS_EMBED_SWIFT_STANDARD_LIBRARIES = YES;
				CODE_SIGN_STYLE = Automatic;
				DEVELOPMENT_TEAM = 8SMHTAU2YY;
				INFOPLIST_FILE = WeSplitUITests/Info.plist;
				LD_RUNPATH_SEARCH_PATHS = (
					"$(inherited)",
					"@executable_path/Frameworks",
					"@loader_path/Frameworks",
				);
				PRODUCT_BUNDLE_IDENTIFIER = com.meiragabriel.WeSplitUITests;
				PRODUCT_NAME = "$(TARGET_NAME)";
				SWIFT_VERSION = 5.0;
				TARGETED_DEVICE_FAMILY = "1,2";
				TEST_TARGET_NAME = WeSplit;
			};
			name = Release;
		};
/* End XCBuildConfiguration section */

/* Begin XCConfigurationList section */
		A580A63823E1D4DC0014D64D /* Build configuration list for PBXProject "WeSplit" */ = {
			isa = XCConfigurationList;
			buildConfigurations = (
				A580A66523E1D4DE0014D64D /* Debug */,
				A580A66623E1D4DE0014D64D /* Release */,
			);
			defaultConfigurationIsVisible = 0;
			defaultConfigurationName = Release;
		};
		A580A66723E1D4DE0014D64D /* Build configuration list for PBXNativeTarget "WeSplit" */ = {
			isa = XCConfigurationList;
			buildConfigurations = (
				A580A66823E1D4DE0014D64D /* Debug */,
				A580A66923E1D4DE0014D64D /* Release */,
			);
			defaultConfigurationIsVisible = 0;
			defaultConfigurationName = Release;
		};
		A580A66A23E1D4DE0014D64D /* Build configuration list for PBXNativeTarget "WeSplitTests" */ = {
			isa = XCConfigurationList;
			buildConfigurations = (
				A580A66B23E1D4DE0014D64D /* Debug */,
				A580A66C23E1D4DE0014D64D /* Release */,
			);
			defaultConfigurationIsVisible = 0;
			defaultConfigurationName = Release;
		};
		A580A66D23E1D4DE0014D64D /* Build configuration list for PBXNativeTarget "WeSplitUITests" */ = {
			isa = XCConfigurationList;
			buildConfigurations = (
				A580A66E23E1D4DE0014D64D /* Debug */,
				A580A66F23E1D4DE0014D64D /* Release */,
			);
			defaultConfigurationIsVisible = 0;
			defaultConfigurationName = Release;
		};
/* End XCConfigurationList section */
	};
	rootObject = A580A63523E1D4DC0014D64D /* Project object */;
}
